{
    "_readme": [
        "This file locks the dependencies of your project to a known state",
        "Read more about it at https://getcomposer.org/doc/01-basic-usage.md#composer-lock-the-lock-file",
        "This file is @generated automatically"
    ],
    "hash": "67f340e5ce97bbe5dd08694337b8650f",
    "content-hash": "27b2daa52d7741458e76dff167c959cb",
    "packages": [],
    "packages-dev": [],
    "aliases": [],
    "minimum-stability": "stable",
    "stability-flags": [],
    "prefer-stable": false,
    "prefer-lowest": false,
    "platform": {
        "ext-gd": "*",
        "ext-pgsql": "*"
    },
    "platform-dev": []
}
